
Microsoft Visual Studio Solution File, Format Version 12.00
# Visual Studio Version 17
VisualStudioVersion = 17.8.34525.116
MinimumVisualStudioVersion = 10.0.40219.1
Project("{9A19103F-16F7-4668-BE54-9A1E7A4F7556}") = "SwitchCase", "SwitchCase\SwitchCase.csproj", "{DF3A2BF9-A1D6-4AB3-A3F2-A4DF16D7B7FB}"
EndProject
Project("{9A19103F-16F7-4668-BE54-9A1E7A4F7556}") = "ForDongusu", "ForDongusu\ForDongusu.csproj", "{E44C1245-7897-4659-8D1E-FF36E425E870}"
EndProject
Project("{9A19103F-16F7-4668-BE54-9A1E7A4F7556}") = "WhileDoWhile", "WhileDoWhile\WhileDoWhile.csproj", "{50C0B4EF-C546-41CC-BCDF-96D67AB1710C}"
EndProject
Project("{9A19103F-16F7-4668-BE54-9A1E7A4F7556}") = "WhileDongusu", "WhileDongusu\WhileDongusu.csproj", "{746DEAAA-25BE-45CD-84C7-2A83DDB43C53}"
EndProject
Project("{9A19103F-16F7-4668-BE54-9A1E7A4F7556}") = "RandomNumber", "RandomNumber\RandomNumber.csproj", "{A2A5EE64-AA03-43E2-89B5-DA8C94DD9305}"
EndProject
Project("{FAE04EC0-301F-11D3-BF4B-00C04F79EFBC}") = "StudentInformation", "StudentInformation\StudentInformation.csproj", "{6932C3FD-4835-48F3-871C-290467561BDB}"
EndProject
Project("{FAE04EC0-301F-11D3-BF4B-00C04F79EFBC}") = "StringMetod", "StringMetod\StringMetod.csproj", "{422A4AD3-23A1-4DBD-97AD-B489319639F6}"
EndProject
Global
	GlobalSection(SolutionConfigurationPlatforms) = preSolution
		Debug|Any CPU = Debug|Any CPU
		Release|Any CPU = Release|Any CPU
	EndGlobalSection
	GlobalSection(ProjectConfigurationPlatforms) = postSolution
		{DF3A2BF9-A1D6-4AB3-A3F2-A4DF16D7B7FB}.Debug|Any CPU.ActiveCfg = Debug|Any CPU
		{DF3A2BF9-A1D6-4AB3-A3F2-A4DF16D7B7FB}.Debug|Any CPU.Build.0 = Debug|Any CPU
		{DF3A2BF9-A1D6-4AB3-A3F2-A4DF16D7B7FB}.Release|Any CPU.ActiveCfg = Release|Any CPU
		{DF3A2BF9-A1D6-4AB3-A3F2-A4DF16D7B7FB}.Release|Any CPU.Build.0 = Release|Any CPU
		{E44C1245-7897-4659-8D1E-FF36E425E870}.Debug|Any CPU.ActiveCfg = Debug|Any CPU
		{E44C1245-7897-4659-8D1E-FF36E425E870}.Debug|Any CPU.Build.0 = Debug|Any CPU
		{E44C1245-7897-4659-8D1E-FF36E425E870}.Release|Any CPU.ActiveCfg = Release|Any CPU
		{E44C1245-7897-4659-8D1E-FF36E425E870}.Release|Any CPU.Build.0 = Release|Any CPU
		{50C0B4EF-C546-41CC-BCDF-96D67AB1710C}.Debug|Any CPU.ActiveCfg = Debug|Any CPU
		{50C0B4EF-C546-41CC-BCDF-96D67AB1710C}.Debug|Any CPU.Build.0 = Debug|Any CPU
		{50C0B4EF-C546-41CC-BCDF-96D67AB1710C}.Release|Any CPU.ActiveCfg = Release|Any CPU
		{50C0B4EF-C546-41CC-BCDF-96D67AB1710C}.Release|Any CPU.Build.0 = Release|Any CPU
		{746DEAAA-25BE-45CD-84C7-2A83DDB43C53}.Debug|Any CPU.ActiveCfg = Debug|Any CPU
		{746DEAAA-25BE-45CD-84C7-2A83DDB43C53}.Debug|Any CPU.Build.0 = Debug|Any CPU
		{746DEAAA-25BE-45CD-84C7-2A83DDB43C53}.Release|Any CPU.ActiveCfg = Release|Any CPU
		{746DEAAA-25BE-45CD-84C7-2A83DDB43C53}.Release|Any CPU.Build.0 = Release|Any CPU
		{A2A5EE64-AA03-43E2-89B5-DA8C94DD9305}.Debug|Any CPU.ActiveCfg = Debug|Any CPU
		{A2A5EE64-AA03-43E2-89B5-DA8C94DD9305}.Debug|Any CPU.Build.0 = Debug|Any CPU
		{A2A5EE64-AA03-43E2-89B5-DA8C94DD9305}.Release|Any CPU.ActiveCfg = Release|Any CPU
		{A2A5EE64-AA03-43E2-89B5-DA8C94DD9305}.Release|Any CPU.Build.0 = Release|Any CPU
		{6932C3FD-4835-48F3-871C-290467561BDB}.Debug|Any CPU.ActiveCfg = Debug|Any CPU
		{6932C3FD-4835-48F3-871C-290467561BDB}.Debug|Any CPU.Build.0 = Debug|Any CPU
		{6932C3FD-4835-48F3-871C-290467561BDB}.Release|Any CPU.ActiveCfg = Release|Any CPU
		{6932C3FD-4835-48F3-871C-290467561BDB}.Release|Any CPU.Build.0 = Release|Any CPU
		{422A4AD3-23A1-4DBD-97AD-B489319639F6}.Debug|Any CPU.ActiveCfg = Debug|Any CPU
		{422A4AD3-23A1-4DBD-97AD-B489319639F6}.Debug|Any CPU.Build.0 = Debug|Any CPU
		{422A4AD3-23A1-4DBD-97AD-B489319639F6}.Release|Any CPU.ActiveCfg = Release|Any CPU
		{422A4AD3-23A1-4DBD-97AD-B489319639F6}.Release|Any CPU.Build.0 = Release|Any CPU
	EndGlobalSection
	GlobalSection(SolutionProperties) = preSolution
		HideSolutionNode = FALSE
	EndGlobalSection
	GlobalSection(ExtensibilityGlobals) = postSolution
		SolutionGuid = {5E86F6E5-6E36-4E41-867B-7270E866B29E}
	EndGlobalSection
EndGlobal
